
Microsoft Visual Studio Solution File, Format Version 12.00
# Visual Studio 15
VisualStudioVersion = 15.0.28010.2026
MinimumVisualStudioVersion = 10.0.40219.1
Project("{9A19103F-16F7-4668-BE54-9A1E7A4F7556}") = "QuickstartIdentityServer", "QuickstartIdentityServer\QuickstartIdentityServer.csproj", "{71E790A7-B466-4839-AD36-FBB98CA321DE}"
EndProject
Project("{2150E333-8FDC-42A3-9474-1A3956D46DE8}") = "docker", "docker", "{81C41407-1116-4BA4-BD8A-A83E7ACAF08D}"
	ProjectSection(SolutionItems) = preProject
		docker-compose.ci.build.yml = docker-compose.ci.build.yml
		docker-compose.yml = docker-compose.yml
	EndProjectSection
EndProject
Project("{2150E333-8FDC-42A3-9474-1A3956D46DE8}") = "git", "git", "{2A23FEBE-A6D5-4CD6-9535-300083B7A253}"
	ProjectSection(SolutionItems) = preProject
		.gitignore = .gitignore
	EndProjectSection
EndProject
Global
	GlobalSection(SolutionConfigurationPlatforms) = preSolution
		Debug|Any CPU = Debug|Any CPU
		Release|Any CPU = Release|Any CPU
	EndGlobalSection
	GlobalSection(ProjectConfigurationPlatforms) = postSolution
		{71E790A7-B466-4839-AD36-FBB98CA321DE}.Debug|Any CPU.ActiveCfg = Debug|Any CPU
		{71E790A7-B466-4839-AD36-FBB98CA321DE}.Debug|Any CPU.Build.0 = Debug|Any CPU
		{71E790A7-B466-4839-AD36-FBB98CA321DE}.Release|Any CPU.ActiveCfg = Release|Any CPU
		{71E790A7-B466-4839-AD36-FBB98CA321DE}.Release|Any CPU.Build.0 = Release|Any CPU
	EndGlobalSection
	GlobalSection(SolutionProperties) = preSolution
		HideSolutionNode = FALSE
	EndGlobalSection
	GlobalSection(ExtensibilityGlobals) = postSolution
		SolutionGuid = {00765F3D-C2A3-493D-BBB9-1AAC202E7B6F}
	EndGlobalSection
EndGlobal
